// !$*UTF8*$!
{
	archiveVersion = 1;
	classes = {
	};
	objectVersion = 50;
	objects = {

/* Begin PBXBuildFile section */
		B82069E9215A1D1C001EAB1E /* AppDelegate.swift in Sources */ = {isa = PBXBuildFile; fileRef = B82069E8215A1D1C001EAB1E /* AppDelegate.swift */; };
		B82069EB215A1D1C001EAB1E /* ViewController.swift in Sources */ = {isa = PBXBuildFile; fileRef = B82069EA215A1D1C001EAB1E /* ViewController.swift */; };
		B82069EE215A1D1C001EAB1E /* Main.storyboard in Resources */ = {isa = PBXBuildFile; fileRef = B82069EC215A1D1C001EAB1E /* Main.storyboard */; };
		B82069F0215A1D1D001EAB1E /* Assets.xcassets in Resources */ = {isa = PBXBuildFile; fileRef = B82069EF215A1D1D001EAB1E /* Assets.xcassets */; };
		B82069F3215A1D1D001EAB1E /* LaunchScreen.storyboard in Resources */ = {isa = PBXBuildFile; fileRef = B82069F1215A1D1D001EAB1E /* LaunchScreen.storyboard */; };
		B82069FB215B5BA8001EAB1E /* File.swift in Sources */ = {isa = PBXBuildFile; fileRef = B82069FA215B5BA8001EAB1E /* File.swift */; };
/* End PBXBuildFile section */

/* Begin PBXFileReference section */
		B82069E5215A1D1C001EAB1E /* testing_GitHub_25_09.app */ = {isa = PBXFileReference; explicitFileType = wrapper.application; includeInIndex = 0; path = testing_GitHub_25_09.app; sourceTree = BUILT_PRODUCTS_DIR; };
		B82069E8215A1D1C001EAB1E /* AppDelegate.swift */ = {isa = PBXFileReference; lastKnownFileType = sourcecode.swift; path = AppDelegate.swift; sourceTree = "<group>"; };
		B82069EA215A1D1C001EAB1E /* ViewController.swift */ = {isa = PBXFileReference; lastKnownFileType = sourcecode.swift; path = ViewController.swift; sourceTree = "<group>"; };
		B82069ED215A1D1C001EAB1E /* Base */ = {isa = PBXFileReference; lastKnownFileType = file.storyboard; name = Base; path = Base.lproj/Main.storyboard; sourceTree = "<group>"; };
		B82069EF215A1D1D001EAB1E /* Assets.xcassets */ = {isa = PBXFileReference; lastKnownFileType = folder.assetcatalog; path = Assets.xcassets; sourceTree = "<group>"; };
		B82069F2215A1D1D001EAB1E /* Base */ = {isa = PBXFileReference; lastKnownFileType = file.storyboard; name = Base; path = Base.lproj/LaunchScreen.storyboard; sourceTree = "<group>"; };
		B82069F4215A1D1D001EAB1E /* Info.plist */ = {isa = PBXFileReference; lastKnownFileType = text.plist.xml; path = Info.plist; sourceTree = "<group>"; };
		B82069FA215B5BA8001EAB1E /* File.swift */ = {isa = PBXFileReference; lastKnownFileType = sourcecode.swift; path = File.swift; sourceTree = "<group>"; };
/* End PBXFileReference section */

/* Begin PBXFrameworksBuildPhase section */
		B82069E2215A1D1C001EAB1E /* Frameworks */ = {
			isa = PBXFrameworksBuildPhase;
			buildActionMask = 2147483647;
			files = (
			);
			runOnlyForDeploymentPostprocessing = 0;
		};
/* End PBXFrameworksBuildPhase section */

/* Begin PBXGroup section */
		B82069DC215A1D1C001EAB1E = {
			isa = PBXGroup;
			children = (
				B82069E7215A1D1C001EAB1E /* testing_GitHub_25_09 */,
				B82069E6215A1D1C001EAB1E /* Products */,
			);
			sourceTree = "<group>";
		};
		B82069E6215A1D1C001EAB1E /* Products */ = {
			isa = PBXGroup;
			children = (
				B82069E5215A1D1C001EAB1E /* testing_GitHub_25_09.app */,
			);
			name = Products;
			sourceTree = "<group>";
		};
		B82069E7215A1D1C001EAB1E /* testing_GitHub_25_09 */ = {
			isa = PBXGroup;
			children = (
				B82069E8215A1D1C001EAB1E /* AppDelegate.swift */,
				B82069EA215A1D1C001EAB1E /* ViewController.swift */,
				B82069EC215A1D1C001EAB1E /* Main.storyboard */,
				B82069EF215A1D1D001EAB1E /* Assets.xcassets */,
				B82069F1215A1D1D001EAB1E /* LaunchScreen.storyboard */,
				B82069F4215A1D1D001EAB1E /* Info.plist */,
				B82069FA215B5BA8001EAB1E /* File.swift */,
			);
			path = testing_GitHub_25_09;
			sourceTree = "<group>";
		};
/* End PBXGroup section */

/* Begin PBXNativeTarget section */
		B82069E4215A1D1C001EAB1E /* testing_GitHub_25_09 */ = {
			isa = PBXNativeTarget;
			buildConfigurationList = B82069F7215A1D1D001EAB1E /* Build configuration list for PBXNativeTarget "testing_GitHub_25_09" */;
			buildPhases = (
				B82069E1215A1D1C001EAB1E /* Sources */,
				B82069E2215A1D1C001EAB1E /* Frameworks */,
				B82069E3215A1D1C001EAB1E /* Resources */,
			);
			buildRules = (
			);
			dependencies = (
			);
			name = testing_GitHub_25_09;
			productName = testing_GitHub_25_09;
			productReference = B82069E5215A1D1C001EAB1E /* testing_GitHub_25_09.app */;
			productType = "com.apple.product-type.application";
		};
/* End PBXNativeTarget section */

/* Begin PBXProject section */
		B82069DD215A1D1C001EAB1E /* Project object */ = {
			isa = PBXProject;
			attributes = {
				LastSwiftUpdateCheck = 1000;
				LastUpgradeCheck = 1000;
				ORGANIZATIONNAME = Abdullah;
				TargetAttributes = {
					B82069E4215A1D1C001EAB1E = {
						CreatedOnToolsVersion = 10.0;
					};
				};
			};
			buildConfigurationList = B82069E0215A1D1C001EAB1E /* Build configuration list for PBXProject "testing_GitHub_25_09" */;
			compatibilityVersion = "Xcode 9.3";
			developmentRegion = en;
			hasScannedForEncodings = 0;
			knownRegions = (
				en,
				Base,
			);
			mainGroup = B82069DC215A1D1C001EAB1E;
			productRefGroup = B82069E6215A1D1C001EAB1E /* Products */;
			projectDirPath = "";
			projectRoot = "";
			targets = (
				B82069E4215A1D1C001EAB1E /* testing_GitHub_25_09 */,
			);
		};
/* End PBXProject section */

/* Begin PBXResourcesBuildPhase section */
		B82069E3215A1D1C001EAB1E /* Resources */ = {
			isa = PBXResourcesBuildPhase;
			buildActionMask = 2147483647;
			files = (
				B82069F3215A1D1D001EAB1E /* LaunchScreen.storyboard in Resources */,
				B82069F0215A1D1D001EAB1E /* Assets.xcassets in Resources */,
				B82069EE215A1D1C001EAB1E /* Main.storyboard in Resources */,
			);
			runOnlyForDeploymentPostprocessing = 0;
		};
/* End PBXResourcesBuildPhase section */

/* Begin PBXSourcesBuildPhase section */
		B82069E1215A1D1C001EAB1E /* Sources */ = {
			isa = PBXSourcesBuildPhase;
			buildActionMask = 2147483647;
			files = (
				B82069EB215A1D1C001EAB1E /* ViewController.swift in Sources */,
				B82069FB215B5BA8001EAB1E /* File.swift in Sources */,
				B82069E9215A1D1C001EAB1E /* AppDelegate.swift in Sources */,
			);
			runOnlyForDeploymentPostprocessing = 0;
		};
/* End PBXSourcesBuildPhase section */

/* Begin PBXVariantGroup section */
		B82069EC215A1D1C001EAB1E /* Main.storyboard */ = {
			isa = PBXVariantGroup;
			children = (
				B82069ED215A1D1C001EAB1E /* Base */,
			);
			name = Main.storyboard;
			sourceTree = "<group>";
		};
		B82069F1215A1D1D001EAB1E /* LaunchScreen.storyboard */ = {
			isa = PBXVariantGroup;
			children = (
				B82069F2215A1D1D001EAB1E /* Base */,
			);
			name = LaunchScreen.storyboard;
			sourceTree = "<group>";
		};
/* End PBXVariantGroup section */

/* Begin XCBuildConfiguration section */
		B82069F5215A1D1D001EAB1E /* Debug */ = {
			isa = XCBuildConfiguration;
			buildSettings = {
				ALWAYS_SEARCH_USER_PATHS = NO;
				CLANG_ANALYZER_NONNULL = YES;
				CLANG_ANALYZER_NUMBER_OBJECT_CONVERSION = YES_AGGRESSIVE;
				CLANG_CXX_LANGUAGE_STANDARD = "gnu++14";
				CLANG_CXX_LIBRARY = "libc++";
				CLANG_ENABLE_MODULES = YES;
				CLANG_ENABLE_OBJC_ARC = YES;
				CLANG_ENABLE_OBJC_WEAK = YES;
				CLANG_WARN_BLOCK_CAPTURE_AUTORELEASING = YES;
				CLANG_WARN_BOOL_CONVERSION = YES;
				CLANG_WARN_COMMA = YES;
				CLANG_WARN_CONSTANT_CONVERSION = YES;
				CLANG_WARN_DEPRECATED_OBJC_IMPLEMENTATIONS = YES;
				CLANG_WARN_DIRECT_OBJC_ISA_USAGE = YES_ERROR;
				CLANG_WARN_DOCUMENTATION_COMMENTS = YES;
				CLANG_WARN_EMPTY_BODY = YES;
				CLANG_WARN_ENUM_CONVERSION = YES;
				CLANG_WARN_INFINITE_RECURSION = YES;
				CLANG_WARN_INT_CONVERSION = YES;
				CLANG_WARN_NON_LITERAL_NULL_CONVERSION = YES;
				CLANG_WARN_OBJC_IMPLICIT_RETAIN_SELF = YES;
				CLANG_WARN_OBJC_LITERAL_CONVERSION = YES;
				CLANG_WARN_OBJC_ROOT_CLASS = YES_ERROR;
				CLANG_WARN_RANGE_LOOP_ANALYSIS = YES;
				CLANG_WARN_STRICT_PROTOTYPES = YES;
				CLANG_WARN_SUSPICIOUS_MOVE = YES;
				CLANG_WARN_UNGUARDED_AVAILABILITY = YES_AGGRESSIVE;
				CLANG_WARN_UNREACHABLE_CODE = YES;
				CLANG_WARN__DUPLICATE_METHOD_MATCH = YES;
				CODE_SIGN_IDENTITY = "iPhone Developer";
				COPY_PHASE_STRIP = NO;
				DEBUG_INFORMATION_FORMAT = dwarf;
				ENABLE_STRICT_OBJC_MSGSEND = YES;
				ENABLE_TESTABILITY = YES;
				GCC_C_LANGUAGE_STANDARD = gnu11;
				GCC_DYNAMIC_NO_PIC = NO;
				GCC_NO_COMMON_BLOCKS = YES;
				GCC_OPTIMIZATION_LEVEL = 0;
				GCC_PREPROCESSOR_DEFINITIONS = (
					"DEBUG=1",
					"$(inherited)",
				);
				GCC_WARN_64_TO_32_BIT_CONVERSION = YES;
				GCC_WARN_ABOUT_RETURN_TYPE = YES_ERROR;
				GCC_WARN_UNDECLARED_SELECTOR = YES;
				GCC_WARN_UNINITIALIZED_AUTOS = YES_AGGRESSIVE;
				GCC_WARN_UNUSED_FUNCTION = YES;
				GCC_WARN_UNUSED_VARIABLE = YES;
				IPHONEOS_DEPLOYMENT_TARGET = 12.0;
				MTL_ENABLE_DEBUG_INFO = INCLUDE_SOURCE;
				MTL_FAST_MATH = YES;
				ONLY_ACTIVE_ARCH = YES;
				SDKROOT = iphoneos;
				SWIFT_ACTIVE_COMPILATION_CONDITIONS = DEBUG;
				SWIFT_OPTIMIZATION_LEVEL = "-Onone";
			};
			name = Debug;
		};
		B82069F6215A1D1D001EAB1E /* Release */ = {
			isa = XCBuildConfiguration;
			buildSettings = {
				ALWAYS_SEARCH_USER_PATHS = NO;
				CLANG_ANALYZER_NONNULL = YES;
				CLANG_ANALYZER_NUMBER_OBJECT_CONVERSION = YES_AGGRESSIVE;
				CLANG_CXX_LANGUAGE_STANDARD = "gnu++14";
				CLANG_CXX_LIBRARY = "libc++";
				CLANG_ENABLE_MODULES = YES;
				CLANG_ENABLE_OBJC_ARC = YES;
				CLANG_ENABLE_OBJC_WEAK = YES;
				CLANG_WARN_BLOCK_CAPTURE_AUTORELEASING = YES;
				CLANG_WARN_BOOL_CONVERSION = YES;
				CLANG_WARN_COMMA = YES;
				CLANG_WARN_CONSTANT_CONVERSION = YES;
				CLANG_WARN_DEPRECATED_OBJC_IMPLEMENTATIONS = YES;
				CLANG_WARN_DIRECT_OBJC_ISA_USAGE = YES_ERROR;
				CLANG_WARN_DOCUMENTATION_COMMENTS = YES;
				CLANG_WARN_EMPTY_BODY = YES;
				CLANG_WARN_ENUM_CONVERSION = YES;
				CLANG_WARN_INFINITE_RECURSION = YES;
				CLANG_WARN_INT_CONVERSION = YES;
				CLANG_WARN_NON_LITERAL_NULL_CONVERSION = YES;
				CLANG_WARN_OBJC_IMPLICIT_RETAIN_SELF = YES;
				CLANG_WARN_OBJC_LITERAL_CONVERSION = YES;
				CLANG_WARN_OBJC_ROOT_CLASS = YES_ERROR;
				CLANG_WARN_RANGE_LOOP_ANALYSIS = YES;
				CLANG_WARN_STRICT_PROTOTYPES = YES;
				CLANG_WARN_SUSPICIOUS_MOVE = YES;
				CLANG_WARN_UNGUARDED_AVAILABILITY = YES_AGGRESSIVE;
				CLANG_WARN_UNREACHABLE_CODE = YES;
				CLANG_WARN__DUPLICATE_METHOD_MATCH = YES;
				CODE_SIGN_IDENTITY = "iPhone Developer";
				COPY_PHASE_STRIP = NO;
				DEBUG_INFORMATION_FORMAT = "dwarf-with-dsym";
				ENABLE_NS_ASSERTIONS = NO;
				ENABLE_STRICT_OBJC_MSGSEND = YES;
				GCC_C_LANGUAGE_STANDARD = gnu11;
				GCC_NO_COMMON_BLOCKS = YES;
				GCC_WARN_64_TO_32_BIT_CONVERSION = YES;
				GCC_WARN_ABOUT_RETURN_TYPE = YES_ERROR;
				GCC_WARN_UNDECLARED_SELECTOR = YES;
				GCC_WARN_UNINITIALIZED_AUTOS = YES_AGGRESSIVE;
				GCC_WARN_UNUSED_FUNCTION = YES;
				GCC_WARN_UNUSED_VARIABLE = YES;
				IPHONEOS_DEPLOYMENT_TARGET = 12.0;
				MTL_ENABLE_DEBUG_INFO = NO;
				MTL_FAST_MATH = YES;
				SDKROOT = iphoneos;
				SWIFT_COMPILATION_MODE = wholemodule;
				SWIFT_OPTIMIZATION_LEVEL = "-O";
				VALIDATE_PRODUCT = YES;
			};
			name = Release;
		};
		B82069F8215A1D1D001EAB1E /* Debug */ = {
			isa = XCBuildConfiguration;
			buildSettings = {
				ASSETCATALOG_COMPILER_APPICON_NAME = AppIcon;
				CODE_SIGN_STYLE = Automatic;
				DEVELOPMENT_TEAM = JZAF5HP2QS;
				INFOPLIST_FILE = testing_GitHub_25_09/Info.plist;
				LD_RUNPATH_SEARCH_PATHS = (
					"$(inherited)",
					"@executable_path/Frameworks",
				);
				PRODUCT_BUNDLE_IDENTIFIER = "com.zarqaUni.testing-GitHub-25-09";
				PRODUCT_NAME = "$(TARGET_NAME)";
				SWIFT_VERSION = 4.2;
				TARGETED_DEVICE_FAMILY = "1,2";
			};
			name = Debug;
		};
		B82069F9215A1D1D001EAB1E /* Release */ = {
			isa = XCBuildConfiguration;
			buildSettings = {
				ASSETCATALOG_COMPILER_APPICON_NAME = AppIcon;
				CODE_SIGN_STYLE = Automatic;
				DEVELOPMENT_TEAM = JZAF5HP2QS;
				INFOPLIST_FILE = testing_GitHub_25_09/Info.plist;
				LD_RUNPATH_SEARCH_PATHS = (
					"$(inherited)",
					"@executable_path/Frameworks",
				);
				PRODUCT_BUNDLE_IDENTIFIER = "com.zarqaUni.testing-GitHub-25-09";
				PRODUCT_NAME = "$(TARGET_NAME)";
				SWIFT_VERSION = 4.2;
				TARGETED_DEVICE_FAMILY = "1,2";
			};
			name = Release;
		};
/* End XCBuildConfiguration section */

/* Begin XCConfigurationList section */
		B82069E0215A1D1C001EAB1E /* Build configuration list for PBXProject "testing_GitHub_25_09" */ = {
			isa = XCConfigurationList;
			buildConfigurations = (
				B82069F5215A1D1D001EAB1E /* Debug */,
				B82069F6215A1D1D001EAB1E /* Release */,
			);
			defaultConfigurationIsVisible = 0;
			defaultConfigurationName = Release;
		};
		B82069F7215A1D1D001EAB1E /* Build configuration list for PBXNativeTarget "testing_GitHub_25_09" */ = {
			isa = XCConfigurationList;
			buildConfigurations = (
				B82069F8215A1D1D001EAB1E /* Debug */,
				B82069F9215A1D1D001EAB1E /* Release */,
			);
			defaultConfigurationIsVisible = 0;
			defaultConfigurationName = Release;
		};
/* End XCConfigurationList section */
	};
	rootObject = B82069DD215A1D1C001EAB1E /* Project object */;
}
